
Microsoft Visual Studio Solution File, Format Version 12.00
# Visual Studio Version 17
VisualStudioVersion = 17.9.34321.82
MinimumVisualStudioVersion = 10.0.40219.1
Project("{9A19103F-16F7-4668-BE54-9A1E7A4F7556}") = "LibVDisk", "LibVDisk\LibVDisk.csproj", "{ECB49D54-3CB6-4B35-91DC-D84D77285C55}"
EndProject
Project("{9A19103F-16F7-4668-BE54-9A1E7A4F7556}") = "LibCryDisk", "LibCryDisk\LibCryDisk.csproj", "{437AE89F-BC04-46B9-90F3-935DBB56696F}"
EndProject
Project("{9A19103F-16F7-4668-BE54-9A1E7A4F7556}") = "CryDiskUi", "CryDiskUi\CryDiskUi.csproj", "{767F06E2-01A9-474F-B6ED-4B0CBD1E05BE}"
EndProject
Project("{2150E333-8FDC-42A3-9474-1A3956D46DE8}") = "Solution Items", "Solution Items", "{E7B501C9-D0D4-4BDA-8AA9-F9B5D9419C3C}"
	ProjectSection(SolutionItems) = preProject
		.editorconfig = .editorconfig
	EndProjectSection
EndProject
Global
	GlobalSection(SolutionConfigurationPlatforms) = preSolution
		Debug|Any CPU = Debug|Any CPU
		Debug|x64 = Debug|x64
		Debug|x86 = Debug|x86
		Release|Any CPU = Release|Any CPU
		Release|x64 = Release|x64
		Release|x86 = Release|x86
	EndGlobalSection
	GlobalSection(ProjectConfigurationPlatforms) = postSolution
		{ECB49D54-3CB6-4B35-91DC-D84D77285C55}.Debug|Any CPU.ActiveCfg = Debug|Any CPU
		{ECB49D54-3CB6-4B35-91DC-D84D77285C55}.Debug|Any CPU.Build.0 = Debug|Any CPU
		{ECB49D54-3CB6-4B35-91DC-D84D77285C55}.Debug|x64.ActiveCfg = Debug|x64
		{ECB49D54-3CB6-4B35-91DC-D84D77285C55}.Debug|x64.Build.0 = Debug|x64
		{ECB49D54-3CB6-4B35-91DC-D84D77285C55}.Debug|x86.ActiveCfg = Debug|Any CPU
		{ECB49D54-3CB6-4B35-91DC-D84D77285C55}.Debug|x86.Build.0 = Debug|Any CPU
		{ECB49D54-3CB6-4B35-91DC-D84D77285C55}.Release|Any CPU.ActiveCfg = Release|Any CPU
		{ECB49D54-3CB6-4B35-91DC-D84D77285C55}.Release|Any CPU.Build.0 = Release|Any CPU
		{ECB49D54-3CB6-4B35-91DC-D84D77285C55}.Release|x64.ActiveCfg = Release|Any CPU
		{ECB49D54-3CB6-4B35-91DC-D84D77285C55}.Release|x64.Build.0 = Release|Any CPU
		{ECB49D54-3CB6-4B35-91DC-D84D77285C55}.Release|x86.ActiveCfg = Release|Any CPU
		{ECB49D54-3CB6-4B35-91DC-D84D77285C55}.Release|x86.Build.0 = Release|Any CPU
		{437AE89F-BC04-46B9-90F3-935DBB56696F}.Debug|Any CPU.ActiveCfg = Debug|Any CPU
		{437AE89F-BC04-46B9-90F3-935DBB56696F}.Debug|Any CPU.Build.0 = Debug|Any CPU
		{437AE89F-BC04-46B9-90F3-935DBB56696F}.Debug|x64.ActiveCfg = Debug|x64
		{437AE89F-BC04-46B9-90F3-935DBB56696F}.Debug|x64.Build.0 = Debug|x64
		{437AE89F-BC04-46B9-90F3-935DBB56696F}.Debug|x86.ActiveCfg = Debug|Any CPU
		{437AE89F-BC04-46B9-90F3-935DBB56696F}.Debug|x86.Build.0 = Debug|Any CPU
		{437AE89F-BC04-46B9-90F3-935DBB56696F}.Release|Any CPU.ActiveCfg = Release|Any CPU
		{437AE89F-BC04-46B9-90F3-935DBB56696F}.Release|Any CPU.Build.0 = Release|Any CPU
		{437AE89F-BC04-46B9-90F3-935DBB56696F}.Release|x64.ActiveCfg = Release|Any CPU
		{437AE89F-BC04-46B9-90F3-935DBB56696F}.Release|x64.Build.0 = Release|Any CPU
		{437AE89F-BC04-46B9-90F3-935DBB56696F}.Release|x86.ActiveCfg = Release|Any CPU
		{437AE89F-BC04-46B9-90F3-935DBB56696F}.Release|x86.Build.0 = Release|Any CPU
		{767F06E2-01A9-474F-B6ED-4B0CBD1E05BE}.Debug|Any CPU.ActiveCfg = Debug|Any CPU
		{767F06E2-01A9-474F-B6ED-4B0CBD1E05BE}.Debug|Any CPU.Build.0 = Debug|Any CPU
		{767F06E2-01A9-474F-B6ED-4B0CBD1E05BE}.Debug|x64.ActiveCfg = Debug|x64
		{767F06E2-01A9-474F-B6ED-4B0CBD1E05BE}.Debug|x64.Build.0 = Debug|x64
		{767F06E2-01A9-474F-B6ED-4B0CBD1E05BE}.Debug|x86.ActiveCfg = Debug|Any CPU
		{767F06E2-01A9-474F-B6ED-4B0CBD1E05BE}.Debug|x86.Build.0 = Debug|Any CPU
		{767F06E2-01A9-474F-B6ED-4B0CBD1E05BE}.Release|Any CPU.ActiveCfg = Release|Any CPU
		{767F06E2-01A9-474F-B6ED-4B0CBD1E05BE}.Release|Any CPU.Build.0 = Release|Any CPU
		{767F06E2-01A9-474F-B6ED-4B0CBD1E05BE}.Release|x64.ActiveCfg = Release|Any CPU
		{767F06E2-01A9-474F-B6ED-4B0CBD1E05BE}.Release|x64.Build.0 = Release|Any CPU
		{767F06E2-01A9-474F-B6ED-4B0CBD1E05BE}.Release|x86.ActiveCfg = Release|Any CPU
		{767F06E2-01A9-474F-B6ED-4B0CBD1E05BE}.Release|x86.Build.0 = Release|Any CPU
	EndGlobalSection
	GlobalSection(SolutionProperties) = preSolution
		HideSolutionNode = FALSE
	EndGlobalSection
	GlobalSection(ExtensibilityGlobals) = postSolution
		SolutionGuid = {37960250-D172-4D5A-80CB-F00C1B9BFF9A}
	EndGlobalSection
EndGlobal
